// !$*UTF8*$!
{
	archiveVersion = 1;
	classes = {
	};
	objectVersion = 46;
	objects = {

/* Begin PBXBuildFile section */
		C949CFDB1C49A33500A9C2FC /* AppDelegate.swift in Sources */ = {isa = PBXBuildFile; fileRef = C949CFDA1C49A33500A9C2FC /* AppDelegate.swift */; };
		C949CFDD1C49A33500A9C2FC /* ViewController.swift in Sources */ = {isa = PBXBuildFile; fileRef = C949CFDC1C49A33500A9C2FC /* ViewController.swift */; };
		C949CFE01C49A33500A9C2FC /* Main.storyboard in Resources */ = {isa = PBXBuildFile; fileRef = C949CFDE1C49A33500A9C2FC /* Main.storyboard */; };
		C949CFE21C49A33500A9C2FC /* Assets.xcassets in Resources */ = {isa = PBXBuildFile; fileRef = C949CFE11C49A33500A9C2FC /* Assets.xcassets */; };
		C949CFE51C49A33500A9C2FC /* LaunchScreen.storyboard in Resources */ = {isa = PBXBuildFile; fileRef = C949CFE31C49A33500A9C2FC /* LaunchScreen.storyboard */; };
/* End PBXBuildFile section */

/* Begin PBXFileReference section */
		C949CFD71C49A33500A9C2FC /* BrowserChat.app */ = {isa = PBXFileReference; explicitFileType = wrapper.application; includeInIndex = 0; path = BrowserChat.app; sourceTree = BUILT_PRODUCTS_DIR; };
		C949CFDA1C49A33500A9C2FC /* AppDelegate.swift */ = {isa = PBXFileReference; lastKnownFileType = sourcecode.swift; path = AppDelegate.swift; sourceTree = "<group>"; };
		C949CFDC1C49A33500A9C2FC /* ViewController.swift */ = {isa = PBXFileReference; lastKnownFileType = sourcecode.swift; path = ViewController.swift; sourceTree = "<group>"; };
		C949CFDF1C49A33500A9C2FC /* Base */ = {isa = PBXFileReference; lastKnownFileType = file.storyboard; name = Base; path = Base.lproj/Main.storyboard; sourceTree = "<group>"; };
		C949CFE11C49A33500A9C2FC /* Assets.xcassets */ = {isa = PBXFileReference; lastKnownFileType = folder.assetcatalog; path = Assets.xcassets; sourceTree = "<group>"; };
		C949CFE41C49A33500A9C2FC /* Base */ = {isa = PBXFileReference; lastKnownFileType = file.storyboard; name = Base; path = Base.lproj/LaunchScreen.storyboard; sourceTree = "<group>"; };
		C949CFE61C49A33500A9C2FC /* Info.plist */ = {isa = PBXFileReference; lastKnownFileType = text.plist.xml; path = Info.plist; sourceTree = "<group>"; };
/* End PBXFileReference section */

/* Begin PBXFrameworksBuildPhase section */
		C949CFD41C49A33500A9C2FC /* Frameworks */ = {
			isa = PBXFrameworksBuildPhase;
			buildActionMask = 2147483647;
			files = (
			);
			runOnlyForDeploymentPostprocessing = 0;
		};
/* End PBXFrameworksBuildPhase section */

/* Begin PBXGroup section */
		C949CFCE1C49A33500A9C2FC = {
			isa = PBXGroup;
			children = (
				C949CFD91C49A33500A9C2FC /* BrowserChat */,
				C949CFD81C49A33500A9C2FC /* Products */,
			);
			sourceTree = "<group>";
		};
		C949CFD81C49A33500A9C2FC /* Products */ = {
			isa = PBXGroup;
			children = (
				C949CFD71C49A33500A9C2FC /* BrowserChat.app */,
			);
			name = Products;
			sourceTree = "<group>";
		};
		C949CFD91C49A33500A9C2FC /* BrowserChat */ = {
			isa = PBXGroup;
			children = (
				C949CFDA1C49A33500A9C2FC /* AppDelegate.swift */,
				C949CFDC1C49A33500A9C2FC /* ViewController.swift */,
				C949CFDE1C49A33500A9C2FC /* Main.storyboard */,
				C949CFE11C49A33500A9C2FC /* Assets.xcassets */,
				C949CFE31C49A33500A9C2FC /* LaunchScreen.storyboard */,
				C949CFE61C49A33500A9C2FC /* Info.plist */,
			);
			path = BrowserChat;
			sourceTree = "<group>";
		};
/* End PBXGroup section */

/* Begin PBXNativeTarget section */
		C949CFD61C49A33500A9C2FC /* BrowserChat */ = {
			isa = PBXNativeTarget;
			buildConfigurationList = C949CFE91C49A33500A9C2FC /* Build configuration list for PBXNativeTarget "BrowserChat" */;
			buildPhases = (
				C949CFD31C49A33500A9C2FC /* Sources */,
				C949CFD41C49A33500A9C2FC /* Frameworks */,
				C949CFD51C49A33500A9C2FC /* Resources */,
			);
			buildRules = (
			);
			dependencies = (
			);
			name = BrowserChat;
			productName = BrowserChat;
			productReference = C949CFD71C49A33500A9C2FC /* BrowserChat.app */;
			productType = "com.apple.product-type.application";
		};
/* End PBXNativeTarget section */

/* Begin PBXProject section */
		C949CFCF1C49A33500A9C2FC /* Project object */ = {
			isa = PBXProject;
			attributes = {
				LastSwiftUpdateCheck = 0720;
				LastUpgradeCheck = 0720;
				ORGANIZATIONNAME = "Matthew Makai";
				TargetAttributes = {
					C949CFD61C49A33500A9C2FC = {
						CreatedOnToolsVersion = 7.2;
					};
				};
			};
			buildConfigurationList = C949CFD21C49A33500A9C2FC /* Build configuration list for PBXProject "BrowserChat" */;
			compatibilityVersion = "Xcode 3.2";
			developmentRegion = English;
			hasScannedForEncodings = 0;
			knownRegions = (
				en,
				Base,
			);
			mainGroup = C949CFCE1C49A33500A9C2FC;
			productRefGroup = C949CFD81C49A33500A9C2FC /* Products */;
			projectDirPath = "";
			projectRoot = "";
			targets = (
				C949CFD61C49A33500A9C2FC /* BrowserChat */,
			);
		};
/* End PBXProject section */

/* Begin PBXResourcesBuildPhase section */
		C949CFD51C49A33500A9C2FC /* Resources */ = {
			isa = PBXResourcesBuildPhase;
			buildActionMask = 2147483647;
			files = (
				C949CFE51C49A33500A9C2FC /* LaunchScreen.storyboard in Resources */,
				C949CFE21C49A33500A9C2FC /* Assets.xcassets in Resources */,
				C949CFE01C49A33500A9C2FC /* Main.storyboard in Resources */,
			);
			runOnlyForDeploymentPostprocessing = 0;
		};
/* End PBXResourcesBuildPhase section */

/* Begin PBXSourcesBuildPhase section */
		C949CFD31C49A33500A9C2FC /* Sources */ = {
			isa = PBXSourcesBuildPhase;
			buildActionMask = 2147483647;
			files = (
				C949CFDD1C49A33500A9C2FC /* ViewController.swift in Sources */,
				C949CFDB1C49A33500A9C2FC /* AppDelegate.swift in Sources */,
			);
			runOnlyForDeploymentPostprocessing = 0;
		};
/* End PBXSourcesBuildPhase section */

/* Begin PBXVariantGroup section */
		C949CFDE1C49A33500A9C2FC /* Main.storyboard */ = {
			isa = PBXVariantGroup;
			children = (
				C949CFDF1C49A33500A9C2FC /* Base */,
			);
			name = Main.storyboard;
			sourceTree = "<group>";
		};
		C949CFE31C49A33500A9C2FC /* LaunchScreen.storyboard */ = {
			isa = PBXVariantGroup;
			children = (
				C949CFE41C49A33500A9C2FC /* Base */,
			);
			name = LaunchScreen.storyboard;
			sourceTree = "<group>";
		};
/* End PBXVariantGroup section */

/* Begin XCBuildConfiguration section */
		C949CFE71C49A33500A9C2FC /* Debug */ = {
			isa = XCBuildConfiguration;
			buildSettings = {
				ALWAYS_SEARCH_USER_PATHS = NO;
				CLANG_CXX_LANGUAGE_STANDARD = "gnu++0x";
				CLANG_CXX_LIBRARY = "libc++";
				CLANG_ENABLE_MODULES = YES;
				CLANG_ENABLE_OBJC_ARC = YES;
				CLANG_WARN_BOOL_CONVERSION = YES;
				CLANG_WARN_CONSTANT_CONVERSION = YES;
				CLANG_WARN_DIRECT_OBJC_ISA_USAGE = YES_ERROR;
				CLANG_WARN_EMPTY_BODY = YES;
				CLANG_WARN_ENUM_CONVERSION = YES;
				CLANG_WARN_INT_CONVERSION = YES;
				CLANG_WARN_OBJC_ROOT_CLASS = YES_ERROR;
				CLANG_WARN_UNREACHABLE_CODE = YES;
				CLANG_WARN__DUPLICATE_METHOD_MATCH = YES;
				"CODE_SIGN_IDENTITY[sdk=iphoneos*]" = "iPhone Developer";
				COPY_PHASE_STRIP = NO;
				DEBUG_INFORMATION_FORMAT = dwarf;
				ENABLE_STRICT_OBJC_MSGSEND = YES;
				ENABLE_TESTABILITY = YES;
				GCC_C_LANGUAGE_STANDARD = gnu99;
				GCC_DYNAMIC_NO_PIC = NO;
				GCC_NO_COMMON_BLOCKS = YES;
				GCC_OPTIMIZATION_LEVEL = 0;
				GCC_PREPROCESSOR_DEFINITIONS = (
					"DEBUG=1",
					"$(inherited)",
				);
				GCC_WARN_64_TO_32_BIT_CONVERSION = YES;
				GCC_WARN_ABOUT_RETURN_TYPE = YES_ERROR;
				GCC_WARN_UNDECLARED_SELECTOR = YES;
				GCC_WARN_UNINITIALIZED_AUTOS = YES_AGGRESSIVE;
				GCC_WARN_UNUSED_FUNCTION = YES;
				GCC_WARN_UNUSED_VARIABLE = YES;
				IPHONEOS_DEPLOYMENT_TARGET = 9.2;
				MTL_ENABLE_DEBUG_INFO = YES;
				ONLY_ACTIVE_ARCH = YES;
				SDKROOT = iphoneos;
				SWIFT_OPTIMIZATION_LEVEL = "-Onone";
				TARGETED_DEVICE_FAMILY = "1,2";
			};
			name = Debug;
		};
		C949CFE81C49A33500A9C2FC /* Release */ = {
			isa = XCBuildConfiguration;
			buildSettings = {
				ALWAYS_SEARCH_USER_PATHS = NO;
				CLANG_CXX_LANGUAGE_STANDARD = "gnu++0x";
				CLANG_CXX_LIBRARY = "libc++";
				CLANG_ENABLE_MODULES = YES;
				CLANG_ENABLE_OBJC_ARC = YES;
				CLANG_WARN_BOOL_CONVERSION = YES;
				CLANG_WARN_CONSTANT_CONVERSION = YES;
				CLANG_WARN_DIRECT_OBJC_ISA_USAGE = YES_ERROR;
				CLANG_WARN_EMPTY_BODY = YES;
				CLANG_WARN_ENUM_CONVERSION = YES;
				CLANG_WARN_INT_CONVERSION = YES;
				CLANG_WARN_OBJC_ROOT_CLASS = YES_ERROR;
				CLANG_WARN_UNREACHABLE_CODE = YES;
				CLANG_WARN__DUPLICATE_METHOD_MATCH = YES;
				"CODE_SIGN_IDENTITY[sdk=iphoneos*]" = "iPhone Developer";
				COPY_PHASE_STRIP = NO;
				DEBUG_INFORMATION_FORMAT = "dwarf-with-dsym";
				ENABLE_NS_ASSERTIONS = NO;
				ENABLE_STRICT_OBJC_MSGSEND = YES;
				GCC_C_LANGUAGE_STANDARD = gnu99;
				GCC_NO_COMMON_BLOCKS = YES;
				GCC_WARN_64_TO_32_BIT_CONVERSION = YES;
				GCC_WARN_ABOUT_RETURN_TYPE = YES_ERROR;
				GCC_WARN_UNDECLARED_SELECTOR = YES;
				GCC_WARN_UNINITIALIZED_AUTOS = YES_AGGRESSIVE;
				GCC_WARN_UNUSED_FUNCTION = YES;
				GCC_WARN_UNUSED_VARIABLE = YES;
				IPHONEOS_DEPLOYMENT_TARGET = 9.2;
				MTL_ENABLE_DEBUG_INFO = NO;
				SDKROOT = iphoneos;
				TARGETED_DEVICE_FAMILY = "1,2";
				VALIDATE_PRODUCT = YES;
			};
			name = Release;
		};
		C949CFEA1C49A33500A9C2FC /* Debug */ = {
			isa = XCBuildConfiguration;
			buildSettings = {
				ASSETCATALOG_COMPILER_APPICON_NAME = AppIcon;
				INFOPLIST_FILE = BrowserChat/Info.plist;
				LD_RUNPATH_SEARCH_PATHS = "$(inherited) @executable_path/Frameworks";
				PRODUCT_BUNDLE_IDENTIFIER = com.twilio.BrowserChat;
				PRODUCT_NAME = "$(TARGET_NAME)";
			};
			name = Debug;
		};
		C949CFEB1C49A33500A9C2FC /* Release */ = {
			isa = XCBuildConfiguration;
			buildSettings = {
				ASSETCATALOG_COMPILER_APPICON_NAME = AppIcon;
				INFOPLIST_FILE = BrowserChat/Info.plist;
				LD_RUNPATH_SEARCH_PATHS = "$(inherited) @executable_path/Frameworks";
				PRODUCT_BUNDLE_IDENTIFIER = com.twilio.BrowserChat;
				PRODUCT_NAME = "$(TARGET_NAME)";
			};
			name = Release;
		};
/* End XCBuildConfiguration section */

/* Begin XCConfigurationList section */
		C949CFD21C49A33500A9C2FC /* Build configuration list for PBXProject "BrowserChat" */ = {
			isa = XCConfigurationList;
			buildConfigurations = (
				C949CFE71C49A33500A9C2FC /* Debug */,
				C949CFE81C49A33500A9C2FC /* Release */,
			);
			defaultConfigurationIsVisible = 0;
			defaultConfigurationName = Release;
		};
		C949CFE91C49A33500A9C2FC /* Build configuration list for PBXNativeTarget "BrowserChat" */ = {
			isa = XCConfigurationList;
			buildConfigurations = (
				C949CFEA1C49A33500A9C2FC /* Debug */,
				C949CFEB1C49A33500A9C2FC /* Release */,
			);
			defaultConfigurationIsVisible = 0;
		};
/* End XCConfigurationList section */
	};
	rootObject = C949CFCF1C49A33500A9C2FC /* Project object */;
}
